
Microsoft Visual Studio Solution File, Format Version 12.00
# Visual Studio 2013
VisualStudioVersion = 12.0.40629.0
MinimumVisualStudioVersion = 10.0.40219.1
Project("{F184B08F-C81C-45F6-A57F-5ABD9991F28F}") = "BilancioWF", "BilancioWF\BilancioWF.vbproj", "{5D1FF7A9-6B93-4AD2-94EE-BCA8EA4810F9}"
EndProject
Project("{F184B08F-C81C-45F6-A57F-5ABD9991F28F}") = "Bilancio", "..\Bilancio\Bilancio\Bilancio.vbproj", "{1FA37198-0663-441F-B5CF-0E33EC286B2B}"
EndProject
Global
	GlobalSection(SolutionConfigurationPlatforms) = preSolution
		Debug|Any CPU = Debug|Any CPU
		Release|Any CPU = Release|Any CPU
	EndGlobalSection
	GlobalSection(ProjectConfigurationPlatforms) = postSolution
		{5D1FF7A9-6B93-4AD2-94EE-BCA8EA4810F9}.Debug|Any CPU.ActiveCfg = Debug|Any CPU
		{5D1FF7A9-6B93-4AD2-94EE-BCA8EA4810F9}.Debug|Any CPU.Build.0 = Debug|Any CPU
		{5D1FF7A9-6B93-4AD2-94EE-BCA8EA4810F9}.Release|Any CPU.ActiveCfg = Release|Any CPU
		{5D1FF7A9-6B93-4AD2-94EE-BCA8EA4810F9}.Release|Any CPU.Build.0 = Release|Any CPU
		{1FA37198-0663-441F-B5CF-0E33EC286B2B}.Debug|Any CPU.ActiveCfg = Debug|Any CPU
		{1FA37198-0663-441F-B5CF-0E33EC286B2B}.Debug|Any CPU.Build.0 = Debug|Any CPU
		{1FA37198-0663-441F-B5CF-0E33EC286B2B}.Release|Any CPU.ActiveCfg = Release|Any CPU
		{1FA37198-0663-441F-B5CF-0E33EC286B2B}.Release|Any CPU.Build.0 = Release|Any CPU
	EndGlobalSection
	GlobalSection(SolutionProperties) = preSolution
		HideSolutionNode = FALSE
	EndGlobalSection
EndGlobal
